
Microsoft Visual Studio Solution File, Format Version 12.00
# Visual Studio Version 16
VisualStudioVersion = 16.0.31515.178
MinimumVisualStudioVersion = 10.0.40219.1
Project("{888888A0-9F3D-457C-B088-3A5042F75D52}") = "Iterative and Recursive Functionality", "Iterative and Recursive Functionality.pyproj", "{3F0DE3F4-027A-472B-91CD-7D31A6FEE475}"
EndProject
Global
	GlobalSection(SolutionConfigurationPlatforms) = preSolution
		Debug|Any CPU = Debug|Any CPU
		Release|Any CPU = Release|Any CPU
	EndGlobalSection
	GlobalSection(ProjectConfigurationPlatforms) = postSolution
		{3F0DE3F4-027A-472B-91CD-7D31A6FEE475}.Debug|Any CPU.ActiveCfg = Debug|Any CPU
		{3F0DE3F4-027A-472B-91CD-7D31A6FEE475}.Release|Any CPU.ActiveCfg = Release|Any CPU
	EndGlobalSection
	GlobalSection(SolutionProperties) = preSolution
		HideSolutionNode = FALSE
	EndGlobalSection
	GlobalSection(ExtensibilityGlobals) = postSolution
		SolutionGuid = {F3506CEA-F602-4419-A47D-969ECED3732E}
	EndGlobalSection
EndGlobal
